# THIS IS AN AUTOGENERATED FILE. DO NOT EDIT THIS FILE DIRECTLY.
# yarn lockfile v1


"@types/prop-types@*":
  version "15.5.8"
  resolved "https://registry.yarnpkg.com/@types/prop-types/-/prop-types-15.5.8.tgz#8ae4e0ea205fe95c3901a5a1df7f66495e3a56ce"
  integrity sha512-3AQoUxQcQtLHsK25wtTWIoIpgYjH3vSDroZOUr7PpCHw/jLY1RB9z9E8dBT/OSmwStVgkRNvdh+ZHNiomRieaw==

"@types/react-dom@^16.0.11":
  version "16.0.11"
  resolved "https://registry.yarnpkg.com/@types/react-dom/-/react-dom-16.0.11.tgz#bd10ccb0d9260343f4b9a49d4f7a8330a5c1f081"
  integrity sha512-x6zUx9/42B5Kl2Vl9HlopV8JF64wLpX3c+Pst9kc1HgzrsH+mkehe/zmHMQTplIrR48H2gpU7ZqurQolYu8XBA==
  dependencies:
    "@types/react" "*"

"@types/react@*", "@types/react@^16.7.18":
  version "16.7.18"
  resolved "https://registry.yarnpkg.com/@types/react/-/react-16.7.18.tgz#f4ce0d539a893dd61e36cd11ae3a5e54f5a48337"
  integrity sha512-Tx4uu3ppK53/iHk6VpamMP3f3ahfDLEVt3ZQc8TFm30a1H3v9lMsCntBREswZIW/SKrvJjkb3Hq8UwO6GREBng==
  dependencies:
    "@types/prop-types" "*"
    csstype "^2.2.0"

csstype@^2.2.0:
  version "2.6.0"
  resolved "https://registry.yarnpkg.com/csstype/-/csstype-2.6.0.tgz#6cf7b2fa7fc32aab3d746802c244d4eda71371a2"
  integrity sha512-by8hi8BlLbowQq0qtkx54d9aN73R9oUW20HISpka5kmgsR9F7nnxgfsemuR2sdCKZh+CDNf5egW9UZMm4mgJRg==
